
Microsoft Visual Studio Solution File, Format Version 12.00
# Visual Studio 2012
Project("{FAE04EC0-301F-11D3-BF4B-00C04F79EFBC}") = "BiteCards", "BiteCards\BiteCards.csproj", "{FC50EF70-9028-46C4-B1F8-2D439C4AC404}"
EndProject
Project("{FAE04EC0-301F-11D3-BF4B-00C04F79EFBC}") = "BiteCards.Tests", "BiteCards.Tests\BiteCards.Tests.csproj", "{D847F611-A57C-44E2-8503-CD8B797AA275}"
EndProject
Global
	GlobalSection(SolutionConfigurationPlatforms) = preSolution
		Debug|Any CPU = Debug|Any CPU
		Release|Any CPU = Release|Any CPU
	EndGlobalSection
	GlobalSection(ProjectConfigurationPlatforms) = postSolution
		{FC50EF70-9028-46C4-B1F8-2D439C4AC404}.Debug|Any CPU.ActiveCfg = Debug|Any CPU
		{FC50EF70-9028-46C4-B1F8-2D439C4AC404}.Debug|Any CPU.Build.0 = Debug|Any CPU
		{FC50EF70-9028-46C4-B1F8-2D439C4AC404}.Release|Any CPU.ActiveCfg = Release|Any CPU
		{FC50EF70-9028-46C4-B1F8-2D439C4AC404}.Release|Any CPU.Build.0 = Release|Any CPU
		{D847F611-A57C-44E2-8503-CD8B797AA275}.Debug|Any CPU.ActiveCfg = Debug|Any CPU
		{D847F611-A57C-44E2-8503-CD8B797AA275}.Debug|Any CPU.Build.0 = Debug|Any CPU
		{D847F611-A57C-44E2-8503-CD8B797AA275}.Release|Any CPU.ActiveCfg = Release|Any CPU
		{D847F611-A57C-44E2-8503-CD8B797AA275}.Release|Any CPU.Build.0 = Release|Any CPU
	EndGlobalSection
	GlobalSection(SolutionProperties) = preSolution
		HideSolutionNode = FALSE
	EndGlobalSection
EndGlobal
